// !$*UTF8*$!
{
	archiveVersion = 1;
	classes = {
	};
	objectVersion = 56;
	objects = {

/* Begin PBXBuildFile section */
		6C1ECAF52970604D0039DC6A /* SkillQuotient_TaskApp.swift in Sources */ = {isa = PBXBuildFile; fileRef = 6C1ECAF42970604D0039DC6A /* SkillQuotient_TaskApp.swift */; };
		6C1ECAF9297060500039DC6A /* Assets.xcassets in Resources */ = {isa = PBXBuildFile; fileRef = 6C1ECAF8297060500039DC6A /* Assets.xcassets */; };
		6C1ECAFD297060500039DC6A /* Preview Assets.xcassets in Resources */ = {isa = PBXBuildFile; fileRef = 6C1ECAFC297060500039DC6A /* Preview Assets.xcassets */; };
		6C1ECB07297060500039DC6A /* SkillQuotient_TaskTests.swift in Sources */ = {isa = PBXBuildFile; fileRef = 6C1ECB06297060500039DC6A /* SkillQuotient_TaskTests.swift */; };
		6C1ECB11297060500039DC6A /* SkillQuotient_TaskUITests.swift in Sources */ = {isa = PBXBuildFile; fileRef = 6C1ECB10297060500039DC6A /* SkillQuotient_TaskUITests.swift */; };
		6C1ECB13297060500039DC6A /* SkillQuotient_TaskUITestsLaunchTests.swift in Sources */ = {isa = PBXBuildFile; fileRef = 6C1ECB12297060500039DC6A /* SkillQuotient_TaskUITestsLaunchTests.swift */; };
		6C1ECB20297060A70039DC6A /* Summary.swift in Sources */ = {isa = PBXBuildFile; fileRef = 6C1ECB1F297060A70039DC6A /* Summary.swift */; };
		6CD3856829716C23003215F6 /* AccountsScreeen.swift in Sources */ = {isa = PBXBuildFile; fileRef = 6CD3856729716C23003215F6 /* AccountsScreeen.swift */; };
		6CD3856A2971792C003215F6 /* TransactionsCell.swift in Sources */ = {isa = PBXBuildFile; fileRef = 6CD385692971792C003215F6 /* TransactionsCell.swift */; };
		6CD3856C297188BB003215F6 /* TestScreen.swift in Sources */ = {isa = PBXBuildFile; fileRef = 6CD3856B297188BB003215F6 /* TestScreen.swift */; };
		6CEE96662970633E00146B55 /* Alamofire in Frameworks */ = {isa = PBXBuildFile; productRef = 6CEE96652970633E00146B55 /* Alamofire */; };
		6CEE966A297064F000146B55 /* Accounts.swift in Sources */ = {isa = PBXBuildFile; fileRef = 6CEE9669297064F000146B55 /* Accounts.swift */; };
		6CEE966C297065CD00146B55 /* Transaction.swift in Sources */ = {isa = PBXBuildFile; fileRef = 6CEE966B297065CD00146B55 /* Transaction.swift */; };
		6CEE9672297067BA00146B55 /* MyTabView.swift in Sources */ = {isa = PBXBuildFile; fileRef = 6CEE9671297067BA00146B55 /* MyTabView.swift */; };
		6CEE967429706CB300146B55 /* Summarycell.swift in Sources */ = {isa = PBXBuildFile; fileRef = 6CEE967329706CB200146B55 /* Summarycell.swift */; };
		6CEE967929707B8000146B55 /* AccountsVM.swift in Sources */ = {isa = PBXBuildFile; fileRef = 6CEE967829707B8000146B55 /* AccountsVM.swift */; };
/* End PBXBuildFile section */

/* Begin PBXContainerItemProxy section */
		6C1ECB03297060500039DC6A /* PBXContainerItemProxy */ = {
			isa = PBXContainerItemProxy;
			containerPortal = 6C1ECAE92970604D0039DC6A /* Project object */;
			proxyType = 1;
			remoteGlobalIDString = 6C1ECAF02970604D0039DC6A;
			remoteInfo = "SkillQuotient Task";
		};
		6C1ECB0D297060500039DC6A /* PBXContainerItemProxy */ = {
			isa = PBXContainerItemProxy;
			containerPortal = 6C1ECAE92970604D0039DC6A /* Project object */;
			proxyType = 1;
			remoteGlobalIDString = 6C1ECAF02970604D0039DC6A;
			remoteInfo = "SkillQuotient Task";
		};
/* End PBXContainerItemProxy section */

/* Begin PBXFileReference section */
		6C1ECAF12970604D0039DC6A /* SkillQuotient Task.app */ = {isa = PBXFileReference; explicitFileType = wrapper.application; includeInIndex = 0; path = "SkillQuotient Task.app"; sourceTree = BUILT_PRODUCTS_DIR; };
		6C1ECAF42970604D0039DC6A /* SkillQuotient_TaskApp.swift */ = {isa = PBXFileReference; lastKnownFileType = sourcecode.swift; path = SkillQuotient_TaskApp.swift; sourceTree = "<group>"; };
		6C1ECAF8297060500039DC6A /* Assets.xcassets */ = {isa = PBXFileReference; lastKnownFileType = folder.assetcatalog; path = Assets.xcassets; sourceTree = "<group>"; };
		6C1ECAFA297060500039DC6A /* SkillQuotient_Task.entitlements */ = {isa = PBXFileReference; lastKnownFileType = text.plist.entitlements; path = SkillQuotient_Task.entitlements; sourceTree = "<group>"; };
		6C1ECAFC297060500039DC6A /* Preview Assets.xcassets */ = {isa = PBXFileReference; lastKnownFileType = folder.assetcatalog; path = "Preview Assets.xcassets"; sourceTree = "<group>"; };
		6C1ECB02297060500039DC6A /* SkillQuotient TaskTests.xctest */ = {isa = PBXFileReference; explicitFileType = wrapper.cfbundle; includeInIndex = 0; path = "SkillQuotient TaskTests.xctest"; sourceTree = BUILT_PRODUCTS_DIR; };
		6C1ECB06297060500039DC6A /* SkillQuotient_TaskTests.swift */ = {isa = PBXFileReference; lastKnownFileType = sourcecode.swift; path = SkillQuotient_TaskTests.swift; sourceTree = "<group>"; };
		6C1ECB0C297060500039DC6A /* SkillQuotient TaskUITests.xctest */ = {isa = PBXFileReference; explicitFileType = wrapper.cfbundle; includeInIndex = 0; path = "SkillQuotient TaskUITests.xctest"; sourceTree = BUILT_PRODUCTS_DIR; };
		6C1ECB10297060500039DC6A /* SkillQuotient_TaskUITests.swift */ = {isa = PBXFileReference; lastKnownFileType = sourcecode.swift; path = SkillQuotient_TaskUITests.swift; sourceTree = "<group>"; };
		6C1ECB12297060500039DC6A /* SkillQuotient_TaskUITestsLaunchTests.swift */ = {isa = PBXFileReference; lastKnownFileType = sourcecode.swift; path = SkillQuotient_TaskUITestsLaunchTests.swift; sourceTree = "<group>"; };
		6C1ECB1F297060A70039DC6A /* Summary.swift */ = {isa = PBXFileReference; lastKnownFileType = sourcecode.swift; path = Summary.swift; sourceTree = "<group>"; };
		6CD3856729716C23003215F6 /* AccountsScreeen.swift */ = {isa = PBXFileReference; lastKnownFileType = sourcecode.swift; path = AccountsScreeen.swift; sourceTree = "<group>"; };
		6CD385692971792C003215F6 /* TransactionsCell.swift */ = {isa = PBXFileReference; lastKnownFileType = sourcecode.swift; path = TransactionsCell.swift; sourceTree = "<group>"; };
		6CD3856B297188BB003215F6 /* TestScreen.swift */ = {isa = PBXFileReference; lastKnownFileType = sourcecode.swift; path = TestScreen.swift; sourceTree = "<group>"; };
		6CEE9669297064F000146B55 /* Accounts.swift */ = {isa = PBXFileReference; lastKnownFileType = sourcecode.swift; path = Accounts.swift; sourceTree = "<group>"; };
		6CEE966B297065CD00146B55 /* Transaction.swift */ = {isa = PBXFileReference; lastKnownFileType = sourcecode.swift; path = Transaction.swift; sourceTree = "<group>"; };
		6CEE9671297067BA00146B55 /* MyTabView.swift */ = {isa = PBXFileReference; lastKnownFileType = sourcecode.swift; path = MyTabView.swift; sourceTree = "<group>"; };
		6CEE967329706CB200146B55 /* Summarycell.swift */ = {isa = PBXFileReference; lastKnownFileType = sourcecode.swift; path = Summarycell.swift; sourceTree = "<group>"; };
		6CEE96752970743000146B55 /* SkillQuotient-Task-Info.plist */ = {isa = PBXFileReference; lastKnownFileType = text.plist; path = "SkillQuotient-Task-Info.plist"; sourceTree = SOURCE_ROOT; };
		6CEE967829707B8000146B55 /* AccountsVM.swift */ = {isa = PBXFileReference; lastKnownFileType = sourcecode.swift; path = AccountsVM.swift; sourceTree = "<group>"; };
/* End PBXFileReference section */

/* Begin PBXFrameworksBuildPhase section */
		6C1ECAEE2970604D0039DC6A /* Frameworks */ = {
			isa = PBXFrameworksBuildPhase;
			buildActionMask = 2147483647;
			files = (
				6CEE96662970633E00146B55 /* Alamofire in Frameworks */,
			);
			runOnlyForDeploymentPostprocessing = 0;
		};
		6C1ECAFF297060500039DC6A /* Frameworks */ = {
			isa = PBXFrameworksBuildPhase;
			buildActionMask = 2147483647;
			files = (
			);
			runOnlyForDeploymentPostprocessing = 0;
		};
		6C1ECB09297060500039DC6A /* Frameworks */ = {
			isa = PBXFrameworksBuildPhase;
			buildActionMask = 2147483647;
			files = (
			);
			runOnlyForDeploymentPostprocessing = 0;
		};
/* End PBXFrameworksBuildPhase section */

/* Begin PBXGroup section */
		6C1ECAE82970604D0039DC6A = {
			isa = PBXGroup;
			children = (
				6C1ECAF32970604D0039DC6A /* SkillQuotient Task */,
				6C1ECB05297060500039DC6A /* SkillQuotient TaskTests */,
				6C1ECB0F297060500039DC6A /* SkillQuotient TaskUITests */,
				6C1ECAF22970604D0039DC6A /* Products */,
			);
			sourceTree = "<group>";
		};
		6C1ECAF22970604D0039DC6A /* Products */ = {
			isa = PBXGroup;
			children = (
				6C1ECAF12970604D0039DC6A /* SkillQuotient Task.app */,
				6C1ECB02297060500039DC6A /* SkillQuotient TaskTests.xctest */,
				6C1ECB0C297060500039DC6A /* SkillQuotient TaskUITests.xctest */,
			);
			name = Products;
			sourceTree = "<group>";
		};
		6C1ECAF32970604D0039DC6A /* SkillQuotient Task */ = {
			isa = PBXGroup;
			children = (
				6CEE96752970743000146B55 /* SkillQuotient-Task-Info.plist */,
				6CEE966D2970666200146B55 /* ViewModel */,
				6CEE96682970649300146B55 /* View */,
				6CEE96672970648300146B55 /* Model */,
				6C1ECAF42970604D0039DC6A /* SkillQuotient_TaskApp.swift */,
				6C1ECAF8297060500039DC6A /* Assets.xcassets */,
				6C1ECAFA297060500039DC6A /* SkillQuotient_Task.entitlements */,
				6C1ECAFB297060500039DC6A /* Preview Content */,
			);
			path = "SkillQuotient Task";
			sourceTree = "<group>";
		};
		6C1ECAFB297060500039DC6A /* Preview Content */ = {
			isa = PBXGroup;
			children = (
				6C1ECAFC297060500039DC6A /* Preview Assets.xcassets */,
			);
			path = "Preview Content";
			sourceTree = "<group>";
		};
		6C1ECB05297060500039DC6A /* SkillQuotient TaskTests */ = {
			isa = PBXGroup;
			children = (
				6C1ECB06297060500039DC6A /* SkillQuotient_TaskTests.swift */,
			);
			path = "SkillQuotient TaskTests";
			sourceTree = "<group>";
		};
		6C1ECB0F297060500039DC6A /* SkillQuotient TaskUITests */ = {
			isa = PBXGroup;
			children = (
				6C1ECB10297060500039DC6A /* SkillQuotient_TaskUITests.swift */,
				6C1ECB12297060500039DC6A /* SkillQuotient_TaskUITestsLaunchTests.swift */,
			);
			path = "SkillQuotient TaskUITests";
			sourceTree = "<group>";
		};
		6CEE96672970648300146B55 /* Model */ = {
			isa = PBXGroup;
			children = (
				6CEE9669297064F000146B55 /* Accounts.swift */,
				6CEE966B297065CD00146B55 /* Transaction.swift */,
			);
			path = Model;
			sourceTree = "<group>";
		};
		6CEE96682970649300146B55 /* View */ = {
			isa = PBXGroup;
			children = (
				6C1ECB1F297060A70039DC6A /* Summary.swift */,
				6CEE9671297067BA00146B55 /* MyTabView.swift */,
				6CEE967329706CB200146B55 /* Summarycell.swift */,
				6CD3856729716C23003215F6 /* AccountsScreeen.swift */,
				6CD385692971792C003215F6 /* TransactionsCell.swift */,
				6CD3856B297188BB003215F6 /* TestScreen.swift */,
			);
			path = View;
			sourceTree = "<group>";
		};
		6CEE966D2970666200146B55 /* ViewModel */ = {
			isa = PBXGroup;
			children = (
				6CEE967829707B8000146B55 /* AccountsVM.swift */,
			);
			path = ViewModel;
			sourceTree = "<group>";
		};
/* End PBXGroup section */

/* Begin PBXNativeTarget section */
		6C1ECAF02970604D0039DC6A /* SkillQuotient Task */ = {
			isa = PBXNativeTarget;
			buildConfigurationList = 6C1ECB16297060500039DC6A /* Build configuration list for PBXNativeTarget "SkillQuotient Task" */;
			buildPhases = (
				6C1ECAED2970604D0039DC6A /* Sources */,
				6C1ECAEE2970604D0039DC6A /* Frameworks */,
				6C1ECAEF2970604D0039DC6A /* Resources */,
			);
			buildRules = (
			);
			dependencies = (
			);
			name = "SkillQuotient Task";
			packageProductDependencies = (
				6CEE96652970633E00146B55 /* Alamofire */,
			);
			productName = "SkillQuotient Task";
			productReference = 6C1ECAF12970604D0039DC6A /* SkillQuotient Task.app */;
			productType = "com.apple.product-type.application";
		};
		6C1ECB01297060500039DC6A /* SkillQuotient TaskTests */ = {
			isa = PBXNativeTarget;
			buildConfigurationList = 6C1ECB19297060500039DC6A /* Build configuration list for PBXNativeTarget "SkillQuotient TaskTests" */;
			buildPhases = (
				6C1ECAFE297060500039DC6A /* Sources */,
				6C1ECAFF297060500039DC6A /* Frameworks */,
				6C1ECB00297060500039DC6A /* Resources */,
			);
			buildRules = (
			);
			dependencies = (
				6C1ECB04297060500039DC6A /* PBXTargetDependency */,
			);
			name = "SkillQuotient TaskTests";
			productName = "SkillQuotient TaskTests";
			productReference = 6C1ECB02297060500039DC6A /* SkillQuotient TaskTests.xctest */;
			productType = "com.apple.product-type.bundle.unit-test";
		};
		6C1ECB0B297060500039DC6A /* SkillQuotient TaskUITests */ = {
			isa = PBXNativeTarget;
			buildConfigurationList = 6C1ECB1C297060500039DC6A /* Build configuration list for PBXNativeTarget "SkillQuotient TaskUITests" */;
			buildPhases = (
				6C1ECB08297060500039DC6A /* Sources */,
				6C1ECB09297060500039DC6A /* Frameworks */,
				6C1ECB0A297060500039DC6A /* Resources */,
			);
			buildRules = (
			);
			dependencies = (
				6C1ECB0E297060500039DC6A /* PBXTargetDependency */,
			);
			name = "SkillQuotient TaskUITests";
			productName = "SkillQuotient TaskUITests";
			productReference = 6C1ECB0C297060500039DC6A /* SkillQuotient TaskUITests.xctest */;
			productType = "com.apple.product-type.bundle.ui-testing";
		};
/* End PBXNativeTarget section */

/* Begin PBXProject section */
		6C1ECAE92970604D0039DC6A /* Project object */ = {
			isa = PBXProject;
			attributes = {
				BuildIndependentTargetsInParallel = 1;
				LastSwiftUpdateCheck = 1420;
				LastUpgradeCheck = 1420;
				TargetAttributes = {
					6C1ECAF02970604D0039DC6A = {
						CreatedOnToolsVersion = 14.2;
					};
					6C1ECB01297060500039DC6A = {
						CreatedOnToolsVersion = 14.2;
						TestTargetID = 6C1ECAF02970604D0039DC6A;
					};
					6C1ECB0B297060500039DC6A = {
						CreatedOnToolsVersion = 14.2;
						TestTargetID = 6C1ECAF02970604D0039DC6A;
					};
				};
			};
			buildConfigurationList = 6C1ECAEC2970604D0039DC6A /* Build configuration list for PBXProject "SkillQuotient Task" */;
			compatibilityVersion = "Xcode 14.0";
			developmentRegion = en;
			hasScannedForEncodings = 0;
			knownRegions = (
				en,
				Base,
			);
			mainGroup = 6C1ECAE82970604D0039DC6A;
			packageReferences = (
				6CEE96642970633E00146B55 /* XCRemoteSwiftPackageReference "Alamofire" */,
			);
			productRefGroup = 6C1ECAF22970604D0039DC6A /* Products */;
			projectDirPath = "";
			projectRoot = "";
			targets = (
				6C1ECAF02970604D0039DC6A /* SkillQuotient Task */,
				6C1ECB01297060500039DC6A /* SkillQuotient TaskTests */,
				6C1ECB0B297060500039DC6A /* SkillQuotient TaskUITests */,
			);
		};
/* End PBXProject section */

/* Begin PBXResourcesBuildPhase section */
		6C1ECAEF2970604D0039DC6A /* Resources */ = {
			isa = PBXResourcesBuildPhase;
			buildActionMask = 2147483647;
			files = (
				6C1ECAFD297060500039DC6A /* Preview Assets.xcassets in Resources */,
				6C1ECAF9297060500039DC6A /* Assets.xcassets in Resources */,
			);
			runOnlyForDeploymentPostprocessing = 0;
		};
		6C1ECB00297060500039DC6A /* Resources */ = {
			isa = PBXResourcesBuildPhase;
			buildActionMask = 2147483647;
			files = (
			);
			runOnlyForDeploymentPostprocessing = 0;
		};
		6C1ECB0A297060500039DC6A /* Resources */ = {
			isa = PBXResourcesBuildPhase;
			buildActionMask = 2147483647;
			files = (
			);
			runOnlyForDeploymentPostprocessing = 0;
		};
/* End PBXResourcesBuildPhase section */

/* Begin PBXSourcesBuildPhase section */
		6C1ECAED2970604D0039DC6A /* Sources */ = {
			isa = PBXSourcesBuildPhase;
			buildActionMask = 2147483647;
			files = (
				6CEE967429706CB300146B55 /* Summarycell.swift in Sources */,
				6CEE9672297067BA00146B55 /* MyTabView.swift in Sources */,
				6C1ECB20297060A70039DC6A /* Summary.swift in Sources */,
				6CD3856C297188BB003215F6 /* TestScreen.swift in Sources */,
				6C1ECAF52970604D0039DC6A /* SkillQuotient_TaskApp.swift in Sources */,
				6CEE967929707B8000146B55 /* AccountsVM.swift in Sources */,
				6CD3856A2971792C003215F6 /* TransactionsCell.swift in Sources */,
				6CD3856829716C23003215F6 /* AccountsScreeen.swift in Sources */,
				6CEE966C297065CD00146B55 /* Transaction.swift in Sources */,
				6CEE966A297064F000146B55 /* Accounts.swift in Sources */,
			);
			runOnlyForDeploymentPostprocessing = 0;
		};
		6C1ECAFE297060500039DC6A /* Sources */ = {
			isa = PBXSourcesBuildPhase;
			buildActionMask = 2147483647;
			files = (
				6C1ECB07297060500039DC6A /* SkillQuotient_TaskTests.swift in Sources */,
			);
			runOnlyForDeploymentPostprocessing = 0;
		};
		6C1ECB08297060500039DC6A /* Sources */ = {
			isa = PBXSourcesBuildPhase;
			buildActionMask = 2147483647;
			files = (
				6C1ECB13297060500039DC6A /* SkillQuotient_TaskUITestsLaunchTests.swift in Sources */,
				6C1ECB11297060500039DC6A /* SkillQuotient_TaskUITests.swift in Sources */,
			);
			runOnlyForDeploymentPostprocessing = 0;
		};
/* End PBXSourcesBuildPhase section */

/* Begin PBXTargetDependency section */
		6C1ECB04297060500039DC6A /* PBXTargetDependency */ = {
			isa = PBXTargetDependency;
			target = 6C1ECAF02970604D0039DC6A /* SkillQuotient Task */;
			targetProxy = 6C1ECB03297060500039DC6A /* PBXContainerItemProxy */;
		};
		6C1ECB0E297060500039DC6A /* PBXTargetDependency */ = {
			isa = PBXTargetDependency;
			target = 6C1ECAF02970604D0039DC6A /* SkillQuotient Task */;
			targetProxy = 6C1ECB0D297060500039DC6A /* PBXContainerItemProxy */;
		};
/* End PBXTargetDependency section */

/* Begin XCBuildConfiguration section */
		6C1ECB14297060500039DC6A /* Debug */ = {
			isa = XCBuildConfiguration;
			buildSettings = {
				ALWAYS_SEARCH_USER_PATHS = NO;
				CLANG_ANALYZER_NONNULL = YES;
				CLANG_ANALYZER_NUMBER_OBJECT_CONVERSION = YES_AGGRESSIVE;
				CLANG_CXX_LANGUAGE_STANDARD = "gnu++20";
				CLANG_ENABLE_MODULES = YES;
				CLANG_ENABLE_OBJC_ARC = YES;
				CLANG_ENABLE_OBJC_WEAK = YES;
				CLANG_WARN_BLOCK_CAPTURE_AUTORELEASING = YES;
				CLANG_WARN_BOOL_CONVERSION = YES;
				CLANG_WARN_COMMA = YES;
				CLANG_WARN_CONSTANT_CONVERSION = YES;
				CLANG_WARN_DEPRECATED_OBJC_IMPLEMENTATIONS = YES;
				CLANG_WARN_DIRECT_OBJC_ISA_USAGE = YES_ERROR;
				CLANG_WARN_DOCUMENTATION_COMMENTS = YES;
				CLANG_WARN_EMPTY_BODY = YES;
				CLANG_WARN_ENUM_CONVERSION = YES;
				CLANG_WARN_INFINITE_RECURSION = YES;
				CLANG_WARN_INT_CONVERSION = YES;
				CLANG_WARN_NON_LITERAL_NULL_CONVERSION = YES;
				CLANG_WARN_OBJC_IMPLICIT_RETAIN_SELF = YES;
				CLANG_WARN_OBJC_LITERAL_CONVERSION = YES;
				CLANG_WARN_OBJC_ROOT_CLASS = YES_ERROR;
				CLANG_WARN_QUOTED_INCLUDE_IN_FRAMEWORK_HEADER = YES;
				CLANG_WARN_RANGE_LOOP_ANALYSIS = YES;
				CLANG_WARN_STRICT_PROTOTYPES = YES;
				CLANG_WARN_SUSPICIOUS_MOVE = YES;
				CLANG_WARN_UNGUARDED_AVAILABILITY = YES_AGGRESSIVE;
				CLANG_WARN_UNREACHABLE_CODE = YES;
				CLANG_WARN__DUPLICATE_METHOD_MATCH = YES;
				COPY_PHASE_STRIP = NO;
				DEBUG_INFORMATION_FORMAT = dwarf;
				ENABLE_STRICT_OBJC_MSGSEND = YES;
				ENABLE_TESTABILITY = YES;
				GCC_C_LANGUAGE_STANDARD = gnu11;
				GCC_DYNAMIC_NO_PIC = NO;
				GCC_NO_COMMON_BLOCKS = YES;
				GCC_OPTIMIZATION_LEVEL = 0;
				GCC_PREPROCESSOR_DEFINITIONS = (
					"DEBUG=1",
					"$(inherited)",
				);
				GCC_WARN_64_TO_32_BIT_CONVERSION = YES;
				GCC_WARN_ABOUT_RETURN_TYPE = YES_ERROR;
				GCC_WARN_UNDECLARED_SELECTOR = YES;
				GCC_WARN_UNINITIALIZED_AUTOS = YES_AGGRESSIVE;
				GCC_WARN_UNUSED_FUNCTION = YES;
				GCC_WARN_UNUSED_VARIABLE = YES;
				MTL_ENABLE_DEBUG_INFO = INCLUDE_SOURCE;
				MTL_FAST_MATH = YES;
				ONLY_ACTIVE_ARCH = YES;
				SWIFT_ACTIVE_COMPILATION_CONDITIONS = DEBUG;
				SWIFT_OPTIMIZATION_LEVEL = "-Onone";
			};
			name = Debug;
		};
		6C1ECB15297060500039DC6A /* Release */ = {
			isa = XCBuildConfiguration;
			buildSettings = {
				ALWAYS_SEARCH_USER_PATHS = NO;
				CLANG_ANALYZER_NONNULL = YES;
				CLANG_ANALYZER_NUMBER_OBJECT_CONVERSION = YES_AGGRESSIVE;
				CLANG_CXX_LANGUAGE_STANDARD = "gnu++20";
				CLANG_ENABLE_MODULES = YES;
				CLANG_ENABLE_OBJC_ARC = YES;
				CLANG_ENABLE_OBJC_WEAK = YES;
				CLANG_WARN_BLOCK_CAPTURE_AUTORELEASING = YES;
				CLANG_WARN_BOOL_CONVERSION = YES;
				CLANG_WARN_COMMA = YES;
				CLANG_WARN_CONSTANT_CONVERSION = YES;
				CLANG_WARN_DEPRECATED_OBJC_IMPLEMENTATIONS = YES;
				CLANG_WARN_DIRECT_OBJC_ISA_USAGE = YES_ERROR;
				CLANG_WARN_DOCUMENTATION_COMMENTS = YES;
				CLANG_WARN_EMPTY_BODY = YES;
				CLANG_WARN_ENUM_CONVERSION = YES;
				CLANG_WARN_INFINITE_RECURSION = YES;
				CLANG_WARN_INT_CONVERSION = YES;
				CLANG_WARN_NON_LITERAL_NULL_CONVERSION = YES;
				CLANG_WARN_OBJC_IMPLICIT_RETAIN_SELF = YES;
				CLANG_WARN_OBJC_LITERAL_CONVERSION = YES;
				CLANG_WARN_OBJC_ROOT_CLASS = YES_ERROR;
				CLANG_WARN_QUOTED_INCLUDE_IN_FRAMEWORK_HEADER = YES;
				CLANG_WARN_RANGE_LOOP_ANALYSIS = YES;
				CLANG_WARN_STRICT_PROTOTYPES = YES;
				CLANG_WARN_SUSPICIOUS_MOVE = YES;
				CLANG_WARN_UNGUARDED_AVAILABILITY = YES_AGGRESSIVE;
				CLANG_WARN_UNREACHABLE_CODE = YES;
				CLANG_WARN__DUPLICATE_METHOD_MATCH = YES;
				COPY_PHASE_STRIP = NO;
				DEBUG_INFORMATION_FORMAT = "dwarf-with-dsym";
				ENABLE_NS_ASSERTIONS = NO;
				ENABLE_STRICT_OBJC_MSGSEND = YES;
				GCC_C_LANGUAGE_STANDARD = gnu11;
				GCC_NO_COMMON_BLOCKS = YES;
				GCC_WARN_64_TO_32_BIT_CONVERSION = YES;
				GCC_WARN_ABOUT_RETURN_TYPE = YES_ERROR;
				GCC_WARN_UNDECLARED_SELECTOR = YES;
				GCC_WARN_UNINITIALIZED_AUTOS = YES_AGGRESSIVE;
				GCC_WARN_UNUSED_FUNCTION = YES;
				GCC_WARN_UNUSED_VARIABLE = YES;
				MTL_ENABLE_DEBUG_INFO = NO;
				MTL_FAST_MATH = YES;
				SWIFT_COMPILATION_MODE = wholemodule;
				SWIFT_OPTIMIZATION_LEVEL = "-O";
			};
			name = Release;
		};
		6C1ECB17297060500039DC6A /* Debug */ = {
			isa = XCBuildConfiguration;
			buildSettings = {
				ASSETCATALOG_COMPILER_APPICON_NAME = AppIcon;
				ASSETCATALOG_COMPILER_GLOBAL_ACCENT_COLOR_NAME = AccentColor;
				CODE_SIGN_ENTITLEMENTS = "SkillQuotient Task/SkillQuotient_Task.entitlements";
				CODE_SIGN_STYLE = Automatic;
				CURRENT_PROJECT_VERSION = 1;
				DEVELOPMENT_ASSET_PATHS = "\"SkillQuotient Task/Preview Content\"";
				ENABLE_PREVIEWS = YES;
				GENERATE_INFOPLIST_FILE = YES;
				INFOPLIST_FILE = "SkillQuotient-Task-Info.plist";
				"INFOPLIST_KEY_UIApplicationSceneManifest_Generation[sdk=iphoneos*]" = YES;
				"INFOPLIST_KEY_UIApplicationSceneManifest_Generation[sdk=iphonesimulator*]" = YES;
				"INFOPLIST_KEY_UIApplicationSupportsIndirectInputEvents[sdk=iphoneos*]" = YES;
				"INFOPLIST_KEY_UIApplicationSupportsIndirectInputEvents[sdk=iphonesimulator*]" = YES;
				"INFOPLIST_KEY_UILaunchScreen_Generation[sdk=iphoneos*]" = YES;
				"INFOPLIST_KEY_UILaunchScreen_Generation[sdk=iphonesimulator*]" = YES;
				"INFOPLIST_KEY_UIStatusBarStyle[sdk=iphoneos*]" = UIStatusBarStyleDefault;
				"INFOPLIST_KEY_UIStatusBarStyle[sdk=iphonesimulator*]" = UIStatusBarStyleDefault;
				INFOPLIST_KEY_UISupportedInterfaceOrientations_iPad = "UIInterfaceOrientationPortrait UIInterfaceOrientationPortraitUpsideDown UIInterfaceOrientationLandscapeLeft UIInterfaceOrientationLandscapeRight";
				INFOPLIST_KEY_UISupportedInterfaceOrientations_iPhone = "UIInterfaceOrientationPortrait UIInterfaceOrientationLandscapeLeft UIInterfaceOrientationLandscapeRight";
				IPHONEOS_DEPLOYMENT_TARGET = 16.2;
				LD_RUNPATH_SEARCH_PATHS = "@executable_path/Frameworks";
				"LD_RUNPATH_SEARCH_PATHS[sdk=macosx*]" = "@executable_path/../Frameworks";
				MACOSX_DEPLOYMENT_TARGET = 13.1;
				MARKETING_VERSION = 1.0;
				PRODUCT_BUNDLE_IDENTIFIER = "berupuSkillQuotient.SkillQuotient-Task";
				PRODUCT_NAME = "$(TARGET_NAME)";
				SDKROOT = auto;
				SUPPORTED_PLATFORMS = "iphoneos iphonesimulator macosx";
				SWIFT_EMIT_LOC_STRINGS = YES;
				SWIFT_VERSION = 5.0;
				TARGETED_DEVICE_FAMILY = "1,2";
			};
			name = Debug;
		};
		6C1ECB18297060500039DC6A /* Release */ = {
			isa = XCBuildConfiguration;
			buildSettings = {
				ASSETCATALOG_COMPILER_APPICON_NAME = AppIcon;
				ASSETCATALOG_COMPILER_GLOBAL_ACCENT_COLOR_NAME = AccentColor;
				CODE_SIGN_ENTITLEMENTS = "SkillQuotient Task/SkillQuotient_Task.entitlements";
				CODE_SIGN_STYLE = Automatic;
				CURRENT_PROJECT_VERSION = 1;
				DEVELOPMENT_ASSET_PATHS = "\"SkillQuotient Task/Preview Content\"";
				ENABLE_PREVIEWS = YES;
				GENERATE_INFOPLIST_FILE = YES;
				INFOPLIST_FILE = "SkillQuotient-Task-Info.plist";
				"INFOPLIST_KEY_UIApplicationSceneManifest_Generation[sdk=iphoneos*]" = YES;
				"INFOPLIST_KEY_UIApplicationSceneManifest_Generation[sdk=iphonesimulator*]" = YES;
				"INFOPLIST_KEY_UIApplicationSupportsIndirectInputEvents[sdk=iphoneos*]" = YES;
				"INFOPLIST_KEY_UIApplicationSupportsIndirectInputEvents[sdk=iphonesimulator*]" = YES;
				"INFOPLIST_KEY_UILaunchScreen_Generation[sdk=iphoneos*]" = YES;
				"INFOPLIST_KEY_UILaunchScreen_Generation[sdk=iphonesimulator*]" = YES;
				"INFOPLIST_KEY_UIStatusBarStyle[sdk=iphoneos*]" = UIStatusBarStyleDefault;
				"INFOPLIST_KEY_UIStatusBarStyle[sdk=iphonesimulator*]" = UIStatusBarStyleDefault;
				INFOPLIST_KEY_UISupportedInterfaceOrientations_iPad = "UIInterfaceOrientationPortrait UIInterfaceOrientationPortraitUpsideDown UIInterfaceOrientationLandscapeLeft UIInterfaceOrientationLandscapeRight";
				INFOPLIST_KEY_UISupportedInterfaceOrientations_iPhone = "UIInterfaceOrientationPortrait UIInterfaceOrientationLandscapeLeft UIInterfaceOrientationLandscapeRight";
				IPHONEOS_DEPLOYMENT_TARGET = 16.2;
				LD_RUNPATH_SEARCH_PATHS = "@executable_path/Frameworks";
				"LD_RUNPATH_SEARCH_PATHS[sdk=macosx*]" = "@executable_path/../Frameworks";
				MACOSX_DEPLOYMENT_TARGET = 13.1;
				MARKETING_VERSION = 1.0;
				PRODUCT_BUNDLE_IDENTIFIER = "berupuSkillQuotient.SkillQuotient-Task";
				PRODUCT_NAME = "$(TARGET_NAME)";
				SDKROOT = auto;
				SUPPORTED_PLATFORMS = "iphoneos iphonesimulator macosx";
				SWIFT_EMIT_LOC_STRINGS = YES;
				SWIFT_VERSION = 5.0;
				TARGETED_DEVICE_FAMILY = "1,2";
			};
			name = Release;
		};
		6C1ECB1A297060500039DC6A /* Debug */ = {
			isa = XCBuildConfiguration;
			buildSettings = {
				ALWAYS_EMBED_SWIFT_STANDARD_LIBRARIES = YES;
				BUNDLE_LOADER = "$(TEST_HOST)";
				CODE_SIGN_STYLE = Automatic;
				CURRENT_PROJECT_VERSION = 1;
				GENERATE_INFOPLIST_FILE = YES;
				IPHONEOS_DEPLOYMENT_TARGET = 16.2;
				MACOSX_DEPLOYMENT_TARGET = 13.1;
				MARKETING_VERSION = 1.0;
				PRODUCT_BUNDLE_IDENTIFIER = "berupuSkillQuotient.SkillQuotient-TaskTests";
				PRODUCT_NAME = "$(TARGET_NAME)";
				SDKROOT = auto;
				SUPPORTED_PLATFORMS = "iphoneos iphonesimulator macosx";
				SWIFT_EMIT_LOC_STRINGS = NO;
				SWIFT_VERSION = 5.0;
				TARGETED_DEVICE_FAMILY = "1,2";
				TEST_HOST = "$(BUILT_PRODUCTS_DIR)/SkillQuotient Task.app/$(BUNDLE_EXECUTABLE_FOLDER_PATH)/SkillQuotient Task";
			};
			name = Debug;
		};
		6C1ECB1B297060500039DC6A /* Release */ = {
			isa = XCBuildConfiguration;
			buildSettings = {
				ALWAYS_EMBED_SWIFT_STANDARD_LIBRARIES = YES;
				BUNDLE_LOADER = "$(TEST_HOST)";
				CODE_SIGN_STYLE = Automatic;
				CURRENT_PROJECT_VERSION = 1;
				GENERATE_INFOPLIST_FILE = YES;
				IPHONEOS_DEPLOYMENT_TARGET = 16.2;
				MACOSX_DEPLOYMENT_TARGET = 13.1;
				MARKETING_VERSION = 1.0;
				PRODUCT_BUNDLE_IDENTIFIER = "berupuSkillQuotient.SkillQuotient-TaskTests";
				PRODUCT_NAME = "$(TARGET_NAME)";
				SDKROOT = auto;
				SUPPORTED_PLATFORMS = "iphoneos iphonesimulator macosx";
				SWIFT_EMIT_LOC_STRINGS = NO;
				SWIFT_VERSION = 5.0;
				TARGETED_DEVICE_FAMILY = "1,2";
				TEST_HOST = "$(BUILT_PRODUCTS_DIR)/SkillQuotient Task.app/$(BUNDLE_EXECUTABLE_FOLDER_PATH)/SkillQuotient Task";
			};
			name = Release;
		};
		6C1ECB1D297060500039DC6A /* Debug */ = {
			isa = XCBuildConfiguration;
			buildSettings = {
				ALWAYS_EMBED_SWIFT_STANDARD_LIBRARIES = YES;
				CODE_SIGN_STYLE = Automatic;
				CURRENT_PROJECT_VERSION = 1;
				GENERATE_INFOPLIST_FILE = YES;
				IPHONEOS_DEPLOYMENT_TARGET = 16.2;
				MACOSX_DEPLOYMENT_TARGET = 13.1;
				MARKETING_VERSION = 1.0;
				PRODUCT_BUNDLE_IDENTIFIER = "berupuSkillQuotient.SkillQuotient-TaskUITests";
				PRODUCT_NAME = "$(TARGET_NAME)";
				SDKROOT = auto;
				SUPPORTED_PLATFORMS = "iphoneos iphonesimulator macosx";
				SWIFT_EMIT_LOC_STRINGS = NO;
				SWIFT_VERSION = 5.0;
				TARGETED_DEVICE_FAMILY = "1,2";
				TEST_TARGET_NAME = "SkillQuotient Task";
			};
			name = Debug;
		};
		6C1ECB1E297060500039DC6A /* Release */ = {
			isa = XCBuildConfiguration;
			buildSettings = {
				ALWAYS_EMBED_SWIFT_STANDARD_LIBRARIES = YES;
				CODE_SIGN_STYLE = Automatic;
				CURRENT_PROJECT_VERSION = 1;
				GENERATE_INFOPLIST_FILE = YES;
				IPHONEOS_DEPLOYMENT_TARGET = 16.2;
				MACOSX_DEPLOYMENT_TARGET = 13.1;
				MARKETING_VERSION = 1.0;
				PRODUCT_BUNDLE_IDENTIFIER = "berupuSkillQuotient.SkillQuotient-TaskUITests";
				PRODUCT_NAME = "$(TARGET_NAME)";
				SDKROOT = auto;
				SUPPORTED_PLATFORMS = "iphoneos iphonesimulator macosx";
				SWIFT_EMIT_LOC_STRINGS = NO;
				SWIFT_VERSION = 5.0;
				TARGETED_DEVICE_FAMILY = "1,2";
				TEST_TARGET_NAME = "SkillQuotient Task";
			};
			name = Release;
		};
/* End XCBuildConfiguration section */

/* Begin XCConfigurationList section */
		6C1ECAEC2970604D0039DC6A /* Build configuration list for PBXProject "SkillQuotient Task" */ = {
			isa = XCConfigurationList;
			buildConfigurations = (
				6C1ECB14297060500039DC6A /* Debug */,
				6C1ECB15297060500039DC6A /* Release */,
			);
			defaultConfigurationIsVisible = 0;
			defaultConfigurationName = Release;
		};
		6C1ECB16297060500039DC6A /* Build configuration list for PBXNativeTarget "SkillQuotient Task" */ = {
			isa = XCConfigurationList;
			buildConfigurations = (
				6C1ECB17297060500039DC6A /* Debug */,
				6C1ECB18297060500039DC6A /* Release */,
			);
			defaultConfigurationIsVisible = 0;
			defaultConfigurationName = Release;
		};
		6C1ECB19297060500039DC6A /* Build configuration list for PBXNativeTarget "SkillQuotient TaskTests" */ = {
			isa = XCConfigurationList;
			buildConfigurations = (
				6C1ECB1A297060500039DC6A /* Debug */,
				6C1ECB1B297060500039DC6A /* Release */,
			);
			defaultConfigurationIsVisible = 0;
			defaultConfigurationName = Release;
		};
		6C1ECB1C297060500039DC6A /* Build configuration list for PBXNativeTarget "SkillQuotient TaskUITests" */ = {
			isa = XCConfigurationList;
			buildConfigurations = (
				6C1ECB1D297060500039DC6A /* Debug */,
				6C1ECB1E297060500039DC6A /* Release */,
			);
			defaultConfigurationIsVisible = 0;
			defaultConfigurationName = Release;
		};
/* End XCConfigurationList section */

/* Begin XCRemoteSwiftPackageReference section */
		6CEE96642970633E00146B55 /* XCRemoteSwiftPackageReference "Alamofire" */ = {
			isa = XCRemoteSwiftPackageReference;
			repositoryURL = "https://github.com/Alamofire/Alamofire.git";
			requirement = {
				kind = upToNextMajorVersion;
				minimumVersion = 5.0.0;
			};
		};
/* End XCRemoteSwiftPackageReference section */

/* Begin XCSwiftPackageProductDependency section */
		6CEE96652970633E00146B55 /* Alamofire */ = {
			isa = XCSwiftPackageProductDependency;
			package = 6CEE96642970633E00146B55 /* XCRemoteSwiftPackageReference "Alamofire" */;
			productName = Alamofire;
		};
/* End XCSwiftPackageProductDependency section */
	};
	rootObject = 6C1ECAE92970604D0039DC6A /* Project object */;
}
